PODS:
  - FBSnapshotTestCase (2.1.4):
    - FBSnapshotTestCase/SwiftSupport (= 2.1.4)
  - FBSnapshotTestCase/Core (2.1.4)
  - FBSnapshotTestCase/SwiftSupport (2.1.4):
    - FBSnapshotTestCase/Core
  - iOSSnapshotTestCase (5.0.2):
    - iOSSnapshotTestCase/SwiftSupport (= 5.0.2)
  - iOSSnapshotTestCase/Core (5.0.2)
  - iOSSnapshotTestCase/SwiftSupport (5.0.2):
    - iOSSnapshotTestCase/Core
  - JXFoundation (2.1.0):
    - JXFoundation/Basic (= 2.1.0)
    - JXFoundation/Core (= 2.1.0)
    - JXFoundation/UIKit (= 2.1.0)
    - ReachabilitySwift
  - JXFoundation/Basic (2.1.0):
    - JXFoundation/Core
    - JXFoundation/UIKit
    - ReachabilitySwift
  - JXFoundation/Core (2.1.0):
    - ReachabilitySwift
  - JXFoundation/UIKit (2.1.0):
    - JXFoundation/Core
    - ReachabilitySwift
  - Nimble (7.3.4)
  - Nimble-Snapshots (6.9.1):
    - Nimble-Snapshots/Core (= 6.9.1)
  - Nimble-Snapshots/Core (6.9.1):
    - iOSSnapshotTestCase (~> 5.0)
    - Nimble (~> 7.0)
  - Quick (2.0.0)
  - ReachabilitySwift (5.0.0)

DEPENDENCIES:
  - FBSnapshotTestCase
  - JXFoundation (from `../`)
  - Nimble
  - Nimble-Snapshots
  - Quick

SPEC REPOS:
  trunk:
    - FBSnapshotTestCase
    - iOSSnapshotTestCase
    - Nimble
    - Nimble-Snapshots
    - Quick
    - ReachabilitySwift

EXTERNAL SOURCES:
  JXFoundation:
    :path: "../"

SPEC CHECKSUMS:
  FBSnapshotTestCase: 094f9f314decbabe373b87cc339bea235a63e07a
  iOSSnapshotTestCase: 2d51aa06775e95cecb0a1fb9c5c159ccd1dd4596
  JXFoundation: e44a885e7214a66db019056869d75113783d95a7
  Nimble: 051e3d8912d40138fa5591c78594f95fb172af37
  Nimble-Snapshots: bbd1ab264bacc24a9ce24a8363bc05aac783aeb0
  Quick: ce1276c7c27ba2da3cb2fd0cde053c3648b3b22d
  ReachabilitySwift: 985039c6f7b23a1da463388634119492ff86c825

PODFILE CHECKSUM: 98e9fd993d44bfc9985bd7c238254a45cfb6f067

COCOAPODS: 1.9.1
