// !$*UTF8*$!
{
	archiveVersion = 1;
	classes = {
	};
	objectVersion = 46;
	objects = {

/* Begin PBXBuildFile section */
		29A9A8CD2351CC4E00489648 /* Localizable.strings in Resources */ = {isa = PBXBuildFile; fileRef = 29A9A8CF2351CC4E00489648 /* Localizable.strings */; };
		3517600B20E643890056803B /* OrderManagerViewController.swift in Sources */ = {isa = PBXBuildFile; fileRef = 3517600820E643890056803B /* OrderManagerViewController.swift */; };
		3517600C20E643890056803B /* JXFeedbackViewController.swift in Sources */ = {isa = PBXBuildFile; fileRef = 3517600920E643890056803B /* JXFeedbackViewController.swift */; };
		351EE60D210875D6004C5DE9 /* CategoryViewController.swift in Sources */ = {isa = PBXBuildFile; fileRef = 351EE60C210875D6004C5DE9 /* CategoryViewController.swift */; };
		3524FC9221D0927C005813A3 /* MyViewController.swift in Sources */ = {isa = PBXBuildFile; fileRef = 3524FC9121D0927C005813A3 /* MyViewController.swift */; };
		3595B29C218FECA800494929 /* TestListController.swift in Sources */ = {isa = PBXBuildFile; fileRef = 3595B29B218FECA800494929 /* TestListController.swift */; };
		3595B2A22190062C00494929 /* CountDown.swift in Sources */ = {isa = PBXBuildFile; fileRef = 3595B2A12190062C00494929 /* CountDown.swift */; };
		3595B2CD2196EB0F00494929 /* InputViewController.swift in Sources */ = {isa = PBXBuildFile; fileRef = 3595B2CC2196EB0F00494929 /* InputViewController.swift */; };
		3598AB6920E9FE1700841C85 /* MainViewController.swift in Sources */ = {isa = PBXBuildFile; fileRef = 3598AB6820E9FE1700841C85 /* MainViewController.swift */; };
		3598AB6B20EA022E00841C85 /* UIKitViewController.swift in Sources */ = {isa = PBXBuildFile; fileRef = 3598AB6A20EA022E00841C85 /* UIKitViewController.swift */; };
		607FACD61AFB9204008FA782 /* AppDelegate.swift in Sources */ = {isa = PBXBuildFile; fileRef = 607FACD51AFB9204008FA782 /* AppDelegate.swift */; };
		607FACD81AFB9204008FA782 /* ViewController.swift in Sources */ = {isa = PBXBuildFile; fileRef = 607FACD71AFB9204008FA782 /* ViewController.swift */; };
		607FACDB1AFB9204008FA782 /* Main.storyboard in Resources */ = {isa = PBXBuildFile; fileRef = 607FACD91AFB9204008FA782 /* Main.storyboard */; };
		607FACDD1AFB9204008FA782 /* Images.xcassets in Resources */ = {isa = PBXBuildFile; fileRef = 607FACDC1AFB9204008FA782 /* Images.xcassets */; };
		607FACE01AFB9204008FA782 /* LaunchScreen.xib in Resources */ = {isa = PBXBuildFile; fileRef = 607FACDE1AFB9204008FA782 /* LaunchScreen.xib */; };
		607FACEC1AFB9204008FA782 /* Tests.swift in Sources */ = {isa = PBXBuildFile; fileRef = 607FACEB1AFB9204008FA782 /* Tests.swift */; };
		7A19245D051968A0AE489E12 /* Pods_JXFoundation_Example.framework in Frameworks */ = {isa = PBXBuildFile; fileRef = B6E14FD458B0D2892BD30F6E /* Pods_JXFoundation_Example.framework */; };
		84131008256A6184008FD717 /* JXTestView.swift in Sources */ = {isa = PBXBuildFile; fileRef = 84131007256A6184008FD717 /* JXTestView.swift */; };
		8413100A256A61D1008FD717 /* JXTestView.xib in Resources */ = {isa = PBXBuildFile; fileRef = 84131009256A61D1008FD717 /* JXTestView.xib */; };
		84286E812535BB910056904F /* HomeCommonFooterReusableView.xib in Resources */ = {isa = PBXBuildFile; fileRef = 84286E662535BB910056904F /* HomeCommonFooterReusableView.xib */; };
		84286E822535BB910056904F /* VideoContentCell.xib in Resources */ = {isa = PBXBuildFile; fileRef = 84286E682535BB910056904F /* VideoContentCell.xib */; };
		84286E832535BB910056904F /* VideoContentCell.swift in Sources */ = {isa = PBXBuildFile; fileRef = 84286E692535BB910056904F /* VideoContentCell.swift */; };
		84286E842535BB910056904F /* VideoViewController.swift in Sources */ = {isa = PBXBuildFile; fileRef = 84286E6A2535BB910056904F /* VideoViewController.swift */; };
		84286E852535BB910056904F /* HomeCommonFooterReusableView.swift in Sources */ = {isa = PBXBuildFile; fileRef = 84286E6B2535BB910056904F /* HomeCommonFooterReusableView.swift */; };
		84286E862535BB910056904F /* HomeGameController.swift in Sources */ = {isa = PBXBuildFile; fileRef = 84286E6D2535BB910056904F /* HomeGameController.swift */; };
		84286E872535BB910056904F /* GameItemViewCell.xib in Resources */ = {isa = PBXBuildFile; fileRef = 84286E6E2535BB910056904F /* GameItemViewCell.xib */; };
		84286E882535BB910056904F /* GameItemViewCell.swift in Sources */ = {isa = PBXBuildFile; fileRef = 84286E6F2535BB910056904F /* GameItemViewCell.swift */; };
		84286E892535BB910056904F /* HomeViewController.swift in Sources */ = {isa = PBXBuildFile; fileRef = 84286E702535BB910056904F /* HomeViewController.swift */; };
		84286E8A2535BB910056904F /* LeftItemCell.xib in Resources */ = {isa = PBXBuildFile; fileRef = 84286E712535BB910056904F /* LeftItemCell.xib */; };
		84286E8B2535BB910056904F /* LeftItemCell.swift in Sources */ = {isa = PBXBuildFile; fileRef = 84286E722535BB910056904F /* LeftItemCell.swift */; };
		84286E8C2535BB910056904F /* LiveItemViewCell.xib in Resources */ = {isa = PBXBuildFile; fileRef = 84286E742535BB910056904F /* LiveItemViewCell.xib */; };
		84286E8D2535BB910056904F /* LiveHeaderReusableView.swift in Sources */ = {isa = PBXBuildFile; fileRef = 84286E752535BB910056904F /* LiveHeaderReusableView.swift */; };
		84286E8E2535BB910056904F /* LiveItemViewCell.swift in Sources */ = {isa = PBXBuildFile; fileRef = 84286E762535BB910056904F /* LiveItemViewCell.swift */; };
		84286E8F2535BB910056904F /* LiveHeaderReusableView.xib in Resources */ = {isa = PBXBuildFile; fileRef = 84286E772535BB910056904F /* LiveHeaderReusableView.xib */; };
		84286E902535BB910056904F /* HomeLiveController.swift in Sources */ = {isa = PBXBuildFile; fileRef = 84286E782535BB910056904F /* HomeLiveController.swift */; };
		84286E912535BB910056904F /* MainEntryCell.xib in Resources */ = {isa = PBXBuildFile; fileRef = 84286E7A2535BB910056904F /* MainEntryCell.xib */; };
		84286E922535BB910056904F /* MainController.swift in Sources */ = {isa = PBXBuildFile; fileRef = 84286E7B2535BB910056904F /* MainController.swift */; };
		84286E932535BB910056904F /* MainEntryCell.swift in Sources */ = {isa = PBXBuildFile; fileRef = 84286E7C2535BB910056904F /* MainEntryCell.swift */; };
		84286E942535BB910056904F /* MainContentCell.swift in Sources */ = {isa = PBXBuildFile; fileRef = 84286E7D2535BB910056904F /* MainContentCell.swift */; };
		84286E952535BB910056904F /* MainContentCell.xib in Resources */ = {isa = PBXBuildFile; fileRef = 84286E7E2535BB910056904F /* MainContentCell.xib */; };
		84286E962535BB910056904F /* MainHeaderReusableView.swift in Sources */ = {isa = PBXBuildFile; fileRef = 84286E7F2535BB910056904F /* MainHeaderReusableView.swift */; };
		84286E972535BB910056904F /* MainHeaderReusableView.xib in Resources */ = {isa = PBXBuildFile; fileRef = 84286E802535BB910056904F /* MainHeaderReusableView.xib */; };
		84286E9A2536E53D0056904F /* JXActivityIndicatorButtonViewController.swift in Sources */ = {isa = PBXBuildFile; fileRef = 84286E992536E53D0056904F /* JXActivityIndicatorButtonViewController.swift */; };
		84286E9C2536E93B0056904F /* JXAutoScrollViewController.swift in Sources */ = {isa = PBXBuildFile; fileRef = 84286E9B2536E93B0056904F /* JXAutoScrollViewController.swift */; };
		84286EE5253953A90056904F /* JXScrollCycleView.swift in Sources */ = {isa = PBXBuildFile; fileRef = 84286EE4253953A90056904F /* JXScrollCycleView.swift */; };
		8434AFD0255249A9002559C2 /* JXControlViewController.swift in Sources */ = {isa = PBXBuildFile; fileRef = 8434AFCF255249A9002559C2 /* JXControlViewController.swift */; };
		8434AFD425524AB3002559C2 /* JXPortraitViewController.swift in Sources */ = {isa = PBXBuildFile; fileRef = 8434AFD325524AB3002559C2 /* JXPortraitViewController.swift */; };
		8434AFD625524AD8002559C2 /* JXlandscapeRightViewController.swift in Sources */ = {isa = PBXBuildFile; fileRef = 8434AFD525524AD8002559C2 /* JXlandscapeRightViewController.swift */; };
		8434AFD825524B2B002559C2 /* JXRotationViewController.swift in Sources */ = {isa = PBXBuildFile; fileRef = 8434AFD725524B2B002559C2 /* JXRotationViewController.swift */; };
		845BE5572472494B00D6750C /* JXDataViewController.swift in Sources */ = {isa = PBXBuildFile; fileRef = 845BE5562472494B00D6750C /* JXDataViewController.swift */; };
		845BE55E2473862700D6750C /* JXChannelViewController.swift in Sources */ = {isa = PBXBuildFile; fileRef = 845BE55D2473862700D6750C /* JXChannelViewController.swift */; };
		845BE5642473875200D6750C /* ChannelViewCell.swift in Sources */ = {isa = PBXBuildFile; fileRef = 845BE5602473875200D6750C /* ChannelViewCell.swift */; };
		845BE5652473875200D6750C /* ChannelViewCell.xib in Resources */ = {isa = PBXBuildFile; fileRef = 845BE5612473875200D6750C /* ChannelViewCell.xib */; };
		845BE5662473875300D6750C /* ChannelReusableView.xib in Resources */ = {isa = PBXBuildFile; fileRef = 845BE5622473875200D6750C /* ChannelReusableView.xib */; };
		845BE5672473875300D6750C /* ChannelReusableView.swift in Sources */ = {isa = PBXBuildFile; fileRef = 845BE5632473875200D6750C /* ChannelReusableView.swift */; };
		845BE5702473BDF500D6750C /* DiscoverViewController.swift in Sources */ = {isa = PBXBuildFile; fileRef = 845BE56F2473BDF500D6750C /* DiscoverViewController.swift */; };
		845BE57F2477CF6000D6750C /* SubViewController.swift in Sources */ = {isa = PBXBuildFile; fileRef = 845BE57E2477CF6000D6750C /* SubViewController.swift */; };
		847FD7FD249B53680094B121 /* JXUserViewController.swift in Sources */ = {isa = PBXBuildFile; fileRef = 847FD7FC249B53680094B121 /* JXUserViewController.swift */; };
		8493C12A245D6F6F00012DB2 /* JXSettingViewController.swift in Sources */ = {isa = PBXBuildFile; fileRef = 8493C129245D6F6F00012DB2 /* JXSettingViewController.swift */; };
		8493C12D245E5C4B00012DB2 /* JXDeviceViewController.swift in Sources */ = {isa = PBXBuildFile; fileRef = 8493C12C245E5C4B00012DB2 /* JXDeviceViewController.swift */; };
		8493C131245E6B7B00012DB2 /* JXCommonCell.swift in Sources */ = {isa = PBXBuildFile; fileRef = 8493C12F245E6B7B00012DB2 /* JXCommonCell.swift */; };
		8493C132245E6B7B00012DB2 /* JXCommonCell.xib in Resources */ = {isa = PBXBuildFile; fileRef = 8493C130245E6B7B00012DB2 /* JXCommonCell.xib */; };
		8493C1422460292A00012DB2 /* JXPrivateViewController.swift in Sources */ = {isa = PBXBuildFile; fileRef = 8493C1412460292A00012DB2 /* JXPrivateViewController.swift */; };
		8493C1482461516B00012DB2 /* JXTestViewController.swift in Sources */ = {isa = PBXBuildFile; fileRef = 8493C1472461516B00012DB2 /* JXTestViewController.swift */; };
		849F159625B98AD4005ED859 /* LanuchViewController.swift in Sources */ = {isa = PBXBuildFile; fileRef = 849F158C25B98AD4005ED859 /* LanuchViewController.swift */; };
		849F159825B98AD4005ED859 /* LanuchManager.swift in Sources */ = {isa = PBXBuildFile; fileRef = 849F158E25B98AD4005ED859 /* LanuchManager.swift */; };
		849F159925B98AD4005ED859 /* 樱花.jpg in Resources */ = {isa = PBXBuildFile; fileRef = 849F159025B98AD4005ED859 /* 樱花.jpg */; };
		849F159A25B98AD4005ED859 /* 视频.mp4 in Resources */ = {isa = PBXBuildFile; fileRef = 849F159125B98AD4005ED859 /* 视频.mp4 */; };
		849F159B25B98AD4005ED859 /* Province.json in Resources */ = {isa = PBXBuildFile; fileRef = 849F159225B98AD4005ED859 /* Province.json */; };
		849F159C25B98AD4005ED859 /* Countrys.json in Resources */ = {isa = PBXBuildFile; fileRef = 849F159325B98AD4005ED859 /* Countrys.json */; };
		849F159D25B98AD4005ED859 /* JXFoundation.json in Resources */ = {isa = PBXBuildFile; fileRef = 849F159425B98AD4005ED859 /* JXFoundation.json */; };
		849F159E25B98AD4005ED859 /* 撒娇.gif in Resources */ = {isa = PBXBuildFile; fileRef = 849F159525B98AD4005ED859 /* 撒娇.gif */; };
		849F15A025B9936E005ED859 /* JXTabbarViewController.swift in Sources */ = {isa = PBXBuildFile; fileRef = 849F159F25B9936E005ED859 /* JXTabbarViewController.swift */; };
		849F15A225BA6A8B005ED859 /* Lanuch.storyboard in Resources */ = {isa = PBXBuildFile; fileRef = 849F15A125BA6A8B005ED859 /* Lanuch.storyboard */; };
		84C53B9E24DAB0F400C978B8 /* JXViewController.swift in Sources */ = {isa = PBXBuildFile; fileRef = 84C53B9D24DAB0F100C978B8 /* JXViewController.swift */; };
		84C53BA024DAB75C00C978B8 /* JXAlertViewController.swift in Sources */ = {isa = PBXBuildFile; fileRef = 84C53B9F24DAB75C00C978B8 /* JXAlertViewController.swift */; };
		84C53BA224DAB78800C978B8 /* JXScrollTitleViewController.swift in Sources */ = {isa = PBXBuildFile; fileRef = 84C53BA124DAB78800C978B8 /* JXScrollTitleViewController.swift */; };
		84C53BA424DAB7A000C978B8 /* JXScrollContainerViewController.swift in Sources */ = {isa = PBXBuildFile; fileRef = 84C53BA324DAB7A000C978B8 /* JXScrollContainerViewController.swift */; };
		84C53BA624DBB40400C978B8 /* JXSelectViewController.swift in Sources */ = {isa = PBXBuildFile; fileRef = 84C53BA524DBB40400C978B8 /* JXSelectViewController.swift */; };
		84C53BAA24DCFB2E00C978B8 /* CustomSelectCell.swift in Sources */ = {isa = PBXBuildFile; fileRef = 84C53BA824DCFB2E00C978B8 /* CustomSelectCell.swift */; };
		84C53BAB24DCFB2E00C978B8 /* CustomSelectCell.xib in Resources */ = {isa = PBXBuildFile; fileRef = 84C53BA924DCFB2E00C978B8 /* CustomSelectCell.xib */; };
		84C5B45524A2ECEB009729BD /* Private.storyboard in Resources */ = {isa = PBXBuildFile; fileRef = 84C5B45424A2ECEA009729BD /* Private.storyboard */; };
		84C5B45824A2EEAD009729BD /* JXAlbumViewController.swift in Sources */ = {isa = PBXBuildFile; fileRef = 84C5B45724A2EEAD009729BD /* JXAlbumViewController.swift */; };
		84C5B47024A84866009729BD /* JXInputViewController.swift in Sources */ = {isa = PBXBuildFile; fileRef = 84C5B46F24A84866009729BD /* JXInputViewController.swift */; };
		84C5B47224A84946009729BD /* JXViewDemo.storyboard in Resources */ = {isa = PBXBuildFile; fileRef = 84C5B47124A84946009729BD /* JXViewDemo.storyboard */; };
		84C5B5F624BC42B7009729BD /* AppDelegate+LocalNotifiication.swift in Sources */ = {isa = PBXBuildFile; fileRef = 84C5B5F524BC42B7009729BD /* AppDelegate+LocalNotifiication.swift */; };
		84C5B5F824BC4D13009729BD /* JXLocalNotificationController.swift in Sources */ = {isa = PBXBuildFile; fileRef = 84C5B5F724BC4D13009729BD /* JXLocalNotificationController.swift */; };
		84DB3119255D2BC6006C401B /* JXDrawListViewController.swift in Sources */ = {isa = PBXBuildFile; fileRef = 84DB3118255D2BC6006C401B /* JXDrawListViewController.swift */; };
		84DB311D255D4667006C401B /* JXDropListVew.swift in Sources */ = {isa = PBXBuildFile; fileRef = 84DB311C255D4667006C401B /* JXDropListVew.swift */; };
		84DB3123255FF089006C401B /* JXPresentView.swift in Sources */ = {isa = PBXBuildFile; fileRef = 84DB3122255FF089006C401B /* JXPresentView.swift */; };
		84E7D58F25219ABA00605B01 /* TwoCategroyViewController.swift in Sources */ = {isa = PBXBuildFile; fileRef = 84E7D58E25219ABA00605B01 /* TwoCategroyViewController.swift */; };
		84E7D5922521D61700605B01 /* JXHorizontalViewController.swift in Sources */ = {isa = PBXBuildFile; fileRef = 84E7D5912521D61700605B01 /* JXHorizontalViewController.swift */; };
		84E7D5942521D65800605B01 /* JXVerticallyViewController.swift in Sources */ = {isa = PBXBuildFile; fileRef = 84E7D5932521D65800605B01 /* JXVerticallyViewController.swift */; };
		84FA3669259045F400A3E4BC /* TViewController.swift in Sources */ = {isa = PBXBuildFile; fileRef = 84FA3668259045F400A3E4BC /* TViewController.swift */; };
		F58900C50512E0C1CD6EEA78 /* Pods_JXFoundation_Tests.framework in Frameworks */ = {isa = PBXBuildFile; fileRef = F4033CC54EDB8F326E866405 /* Pods_JXFoundation_Tests.framework */; };
/* End PBXBuildFile section */

/* Begin PBXContainerItemProxy section */
		607FACE61AFB9204008FA782 /* PBXContainerItemProxy */ = {
			isa = PBXContainerItemProxy;
			containerPortal = 607FACC81AFB9204008FA782 /* Project object */;
			proxyType = 1;
			remoteGlobalIDString = 607FACCF1AFB9204008FA782;
			remoteInfo = JXFoundation;
		};
/* End PBXContainerItemProxy section */

/* Begin PBXFileReference section */
		292455B72351BFA0007CE073 /* zh-Hans */ = {isa = PBXFileReference; lastKnownFileType = text.plist.strings; name = "zh-Hans"; path = "zh-Hans.lproj/Main.strings"; sourceTree = "<group>"; };
		292455B82351BFA0007CE073 /* zh-Hans */ = {isa = PBXFileReference; lastKnownFileType = text.plist.strings; name = "zh-Hans"; path = "zh-Hans.lproj/LaunchScreen.strings"; sourceTree = "<group>"; };
		29A9A8C32351CAF200489648 /* ko */ = {isa = PBXFileReference; lastKnownFileType = text.plist.strings; name = ko; path = ko.lproj/Main.strings; sourceTree = "<group>"; };
		29A9A8C42351CAF200489648 /* ko */ = {isa = PBXFileReference; lastKnownFileType = text.plist.strings; name = ko; path = ko.lproj/LaunchScreen.strings; sourceTree = "<group>"; };
		29A9A8C52351CAFA00489648 /* ja */ = {isa = PBXFileReference; lastKnownFileType = text.plist.strings; name = ja; path = ja.lproj/Main.strings; sourceTree = "<group>"; };
		29A9A8C62351CAFA00489648 /* ja */ = {isa = PBXFileReference; lastKnownFileType = text.plist.strings; name = ja; path = ja.lproj/LaunchScreen.strings; sourceTree = "<group>"; };
		29A9A8C82351CB2000489648 /* en */ = {isa = PBXFileReference; lastKnownFileType = text.plist.strings; name = en; path = en.lproj/Main.strings; sourceTree = "<group>"; };
		29A9A8CA2351CB2D00489648 /* en */ = {isa = PBXFileReference; lastKnownFileType = text.plist.strings; name = en; path = en.lproj/LaunchScreen.strings; sourceTree = "<group>"; };
		29A9A8CE2351CC4E00489648 /* en */ = {isa = PBXFileReference; lastKnownFileType = text.plist.strings; name = en; path = en.lproj/Localizable.strings; sourceTree = "<group>"; };
		29A9A8D02351CC5500489648 /* zh-Hans */ = {isa = PBXFileReference; lastKnownFileType = text.plist.strings; name = "zh-Hans"; path = "zh-Hans.lproj/Localizable.strings"; sourceTree = "<group>"; };
		29A9A8D12351CC5600489648 /* ja */ = {isa = PBXFileReference; lastKnownFileType = text.plist.strings; name = ja; path = ja.lproj/Localizable.strings; sourceTree = "<group>"; };
		29A9A8D22351CC5800489648 /* ko */ = {isa = PBXFileReference; lastKnownFileType = text.plist.strings; name = ko; path = ko.lproj/Localizable.strings; sourceTree = "<group>"; };
		3517600820E643890056803B /* OrderManagerViewController.swift */ = {isa = PBXFileReference; fileEncoding = 4; lastKnownFileType = sourcecode.swift; path = OrderManagerViewController.swift; sourceTree = "<group>"; };
		3517600920E643890056803B /* JXFeedbackViewController.swift */ = {isa = PBXFileReference; fileEncoding = 4; lastKnownFileType = sourcecode.swift; path = JXFeedbackViewController.swift; sourceTree = "<group>"; };
		351EE60C210875D6004C5DE9 /* CategoryViewController.swift */ = {isa = PBXFileReference; lastKnownFileType = sourcecode.swift; name = CategoryViewController.swift; path = "JXFoundation/Category/三级列表/CategoryViewController.swift"; sourceTree = SOURCE_ROOT; };
		3524FC9121D0927C005813A3 /* MyViewController.swift */ = {isa = PBXFileReference; lastKnownFileType = sourcecode.swift; path = MyViewController.swift; sourceTree = "<group>"; };
		3595B29B218FECA800494929 /* TestListController.swift */ = {isa = PBXFileReference; lastKnownFileType = sourcecode.swift; path = TestListController.swift; sourceTree = "<group>"; };
		3595B2A12190062C00494929 /* CountDown.swift */ = {isa = PBXFileReference; lastKnownFileType = sourcecode.swift; path = CountDown.swift; sourceTree = "<group>"; };
		3595B2CC2196EB0F00494929 /* InputViewController.swift */ = {isa = PBXFileReference; lastKnownFileType = sourcecode.swift; path = InputViewController.swift; sourceTree = "<group>"; };
		3598AB6820E9FE1700841C85 /* MainViewController.swift */ = {isa = PBXFileReference; lastKnownFileType = sourcecode.swift; path = MainViewController.swift; sourceTree = "<group>"; };
		3598AB6A20EA022E00841C85 /* UIKitViewController.swift */ = {isa = PBXFileReference; lastKnownFileType = sourcecode.swift; path = UIKitViewController.swift; sourceTree = "<group>"; };
		59B74FFF5F4FDAF17FB293C5 /* Pods-JXFoundation_Example.release.xcconfig */ = {isa = PBXFileReference; includeInIndex = 1; lastKnownFileType = text.xcconfig; name = "Pods-JXFoundation_Example.release.xcconfig"; path = "Pods/Target Support Files/Pods-JXFoundation_Example/Pods-JXFoundation_Example.release.xcconfig"; sourceTree = "<group>"; };
		5BE60DEF63C7E707B5D4E0DA /* Pods-JXFoundation_Tests.debug.xcconfig */ = {isa = PBXFileReference; includeInIndex = 1; lastKnownFileType = text.xcconfig; name = "Pods-JXFoundation_Tests.debug.xcconfig"; path = "Pods/Target Support Files/Pods-JXFoundation_Tests/Pods-JXFoundation_Tests.debug.xcconfig"; sourceTree = "<group>"; };
		607FACD01AFB9204008FA782 /* JXFoundation_Example.app */ = {isa = PBXFileReference; explicitFileType = wrapper.application; includeInIndex = 0; path = JXFoundation_Example.app; sourceTree = BUILT_PRODUCTS_DIR; };
		607FACD41AFB9204008FA782 /* Info.plist */ = {isa = PBXFileReference; lastKnownFileType = text.plist.xml; path = Info.plist; sourceTree = "<group>"; };
		607FACD51AFB9204008FA782 /* AppDelegate.swift */ = {isa = PBXFileReference; lastKnownFileType = sourcecode.swift; path = AppDelegate.swift; sourceTree = "<group>"; };
		607FACD71AFB9204008FA782 /* ViewController.swift */ = {isa = PBXFileReference; lastKnownFileType = sourcecode.swift; path = ViewController.swift; sourceTree = "<group>"; };
		607FACDA1AFB9204008FA782 /* Base */ = {isa = PBXFileReference; lastKnownFileType = file.storyboard; name = Base; path = Base.lproj/Main.storyboard; sourceTree = "<group>"; };
		607FACDC1AFB9204008FA782 /* Images.xcassets */ = {isa = PBXFileReference; lastKnownFileType = folder.assetcatalog; path = Images.xcassets; sourceTree = "<group>"; };
		607FACDF1AFB9204008FA782 /* Base */ = {isa = PBXFileReference; lastKnownFileType = file.xib; name = Base; path = Base.lproj/LaunchScreen.xib; sourceTree = "<group>"; };
		607FACE51AFB9204008FA782 /* JXFoundation_Tests.xctest */ = {isa = PBXFileReference; explicitFileType = wrapper.cfbundle; includeInIndex = 0; path = JXFoundation_Tests.xctest; sourceTree = BUILT_PRODUCTS_DIR; };
		607FACEA1AFB9204008FA782 /* Info.plist */ = {isa = PBXFileReference; lastKnownFileType = text.plist.xml; path = Info.plist; sourceTree = "<group>"; };
		607FACEB1AFB9204008FA782 /* Tests.swift */ = {isa = PBXFileReference; lastKnownFileType = sourcecode.swift; path = Tests.swift; sourceTree = "<group>"; };
		84131007256A6184008FD717 /* JXTestView.swift */ = {isa = PBXFileReference; lastKnownFileType = sourcecode.swift; path = JXTestView.swift; sourceTree = "<group>"; };
		84131009256A61D1008FD717 /* JXTestView.xib */ = {isa = PBXFileReference; lastKnownFileType = file.xib; path = JXTestView.xib; sourceTree = "<group>"; };
		84286E662535BB910056904F /* HomeCommonFooterReusableView.xib */ = {isa = PBXFileReference; fileEncoding = 4; lastKnownFileType = file.xib; path = HomeCommonFooterReusableView.xib; sourceTree = "<group>"; };
		84286E682535BB910056904F /* VideoContentCell.xib */ = {isa = PBXFileReference; fileEncoding = 4; lastKnownFileType = file.xib; path = VideoContentCell.xib; sourceTree = "<group>"; };
		84286E692535BB910056904F /* VideoContentCell.swift */ = {isa = PBXFileReference; fileEncoding = 4; lastKnownFileType = sourcecode.swift; path = VideoContentCell.swift; sourceTree = "<group>"; };
		84286E6A2535BB910056904F /* VideoViewController.swift */ = {isa = PBXFileReference; fileEncoding = 4; lastKnownFileType = sourcecode.swift; path = VideoViewController.swift; sourceTree = "<group>"; };
		84286E6B2535BB910056904F /* HomeCommonFooterReusableView.swift */ = {isa = PBXFileReference; fileEncoding = 4; lastKnownFileType = sourcecode.swift; path = HomeCommonFooterReusableView.swift; sourceTree = "<group>"; };
		84286E6D2535BB910056904F /* HomeGameController.swift */ = {isa = PBXFileReference; fileEncoding = 4; lastKnownFileType = sourcecode.swift; path = HomeGameController.swift; sourceTree = "<group>"; };
		84286E6E2535BB910056904F /* GameItemViewCell.xib */ = {isa = PBXFileReference; fileEncoding = 4; lastKnownFileType = file.xib; path = GameItemViewCell.xib; sourceTree = "<group>"; };
		84286E6F2535BB910056904F /* GameItemViewCell.swift */ = {isa = PBXFileReference; fileEncoding = 4; lastKnownFileType = sourcecode.swift; path = GameItemViewCell.swift; sourceTree = "<group>"; };
		84286E702535BB910056904F /* HomeViewController.swift */ = {isa = PBXFileReference; fileEncoding = 4; lastKnownFileType = sourcecode.swift; path = HomeViewController.swift; sourceTree = "<group>"; };
		84286E712535BB910056904F /* LeftItemCell.xib */ = {isa = PBXFileReference; fileEncoding = 4; lastKnownFileType = file.xib; path = LeftItemCell.xib; sourceTree = "<group>"; };
		84286E722535BB910056904F /* LeftItemCell.swift */ = {isa = PBXFileReference; fileEncoding = 4; lastKnownFileType = sourcecode.swift; path = LeftItemCell.swift; sourceTree = "<group>"; };
		84286E742535BB910056904F /* LiveItemViewCell.xib */ = {isa = PBXFileReference; fileEncoding = 4; lastKnownFileType = file.xib; path = LiveItemViewCell.xib; sourceTree = "<group>"; };
		84286E752535BB910056904F /* LiveHeaderReusableView.swift */ = {isa = PBXFileReference; fileEncoding = 4; lastKnownFileType = sourcecode.swift; path = LiveHeaderReusableView.swift; sourceTree = "<group>"; };
		84286E762535BB910056904F /* LiveItemViewCell.swift */ = {isa = PBXFileReference; fileEncoding = 4; lastKnownFileType = sourcecode.swift; path = LiveItemViewCell.swift; sourceTree = "<group>"; };
		84286E772535BB910056904F /* LiveHeaderReusableView.xib */ = {isa = PBXFileReference; fileEncoding = 4; lastKnownFileType = file.xib; path = LiveHeaderReusableView.xib; sourceTree = "<group>"; };
		84286E782535BB910056904F /* HomeLiveController.swift */ = {isa = PBXFileReference; fileEncoding = 4; lastKnownFileType = sourcecode.swift; path = HomeLiveController.swift; sourceTree = "<group>"; };
		84286E7A2535BB910056904F /* MainEntryCell.xib */ = {isa = PBXFileReference; fileEncoding = 4; lastKnownFileType = file.xib; path = MainEntryCell.xib; sourceTree = "<group>"; };
		84286E7B2535BB910056904F /* MainController.swift */ = {isa = PBXFileReference; fileEncoding = 4; lastKnownFileType = sourcecode.swift; path = MainController.swift; sourceTree = "<group>"; };
		84286E7C2535BB910056904F /* MainEntryCell.swift */ = {isa = PBXFileReference; fileEncoding = 4; lastKnownFileType = sourcecode.swift; path = MainEntryCell.swift; sourceTree = "<group>"; };
		84286E7D2535BB910056904F /* MainContentCell.swift */ = {isa = PBXFileReference; fileEncoding = 4; lastKnownFileType = sourcecode.swift; path = MainContentCell.swift; sourceTree = "<group>"; };
		84286E7E2535BB910056904F /* MainContentCell.xib */ = {isa = PBXFileReference; fileEncoding = 4; lastKnownFileType = file.xib; path = MainContentCell.xib; sourceTree = "<group>"; };
		84286E7F2535BB910056904F /* MainHeaderReusableView.swift */ = {isa = PBXFileReference; fileEncoding = 4; lastKnownFileType = sourcecode.swift; path = MainHeaderReusableView.swift; sourceTree = "<group>"; };
		84286E802535BB910056904F /* MainHeaderReusableView.xib */ = {isa = PBXFileReference; fileEncoding = 4; lastKnownFileType = file.xib; path = MainHeaderReusableView.xib; sourceTree = "<group>"; };
		84286E992536E53D0056904F /* JXActivityIndicatorButtonViewController.swift */ = {isa = PBXFileReference; lastKnownFileType = sourcecode.swift; path = JXActivityIndicatorButtonViewController.swift; sourceTree = "<group>"; };
		84286E9B2536E93B0056904F /* JXAutoScrollViewController.swift */ = {isa = PBXFileReference; lastKnownFileType = sourcecode.swift; path = JXAutoScrollViewController.swift; sourceTree = "<group>"; };
		84286EE4253953A90056904F /* JXScrollCycleView.swift */ = {isa = PBXFileReference; lastKnownFileType = sourcecode.swift; path = JXScrollCycleView.swift; sourceTree = "<group>"; };
		8434AFCF255249A9002559C2 /* JXControlViewController.swift */ = {isa = PBXFileReference; lastKnownFileType = sourcecode.swift; path = JXControlViewController.swift; sourceTree = "<group>"; };
		8434AFD325524AB3002559C2 /* JXPortraitViewController.swift */ = {isa = PBXFileReference; lastKnownFileType = sourcecode.swift; path = JXPortraitViewController.swift; sourceTree = "<group>"; };
		8434AFD525524AD8002559C2 /* JXlandscapeRightViewController.swift */ = {isa = PBXFileReference; lastKnownFileType = sourcecode.swift; path = JXlandscapeRightViewController.swift; sourceTree = "<group>"; };
		8434AFD725524B2B002559C2 /* JXRotationViewController.swift */ = {isa = PBXFileReference; lastKnownFileType = sourcecode.swift; path = JXRotationViewController.swift; sourceTree = "<group>"; };
		845BE5562472494B00D6750C /* JXDataViewController.swift */ = {isa = PBXFileReference; lastKnownFileType = sourcecode.swift; path = JXDataViewController.swift; sourceTree = "<group>"; };
		845BE55D2473862700D6750C /* JXChannelViewController.swift */ = {isa = PBXFileReference; fileEncoding = 4; lastKnownFileType = sourcecode.swift; path = JXChannelViewController.swift; sourceTree = "<group>"; };
		845BE5602473875200D6750C /* ChannelViewCell.swift */ = {isa = PBXFileReference; fileEncoding = 4; lastKnownFileType = sourcecode.swift; path = ChannelViewCell.swift; sourceTree = "<group>"; };
		845BE5612473875200D6750C /* ChannelViewCell.xib */ = {isa = PBXFileReference; fileEncoding = 4; lastKnownFileType = file.xib; path = ChannelViewCell.xib; sourceTree = "<group>"; };
		845BE5622473875200D6750C /* ChannelReusableView.xib */ = {isa = PBXFileReference; fileEncoding = 4; lastKnownFileType = file.xib; path = ChannelReusableView.xib; sourceTree = "<group>"; };
		845BE5632473875200D6750C /* ChannelReusableView.swift */ = {isa = PBXFileReference; fileEncoding = 4; lastKnownFileType = sourcecode.swift; path = ChannelReusableView.swift; sourceTree = "<group>"; };
		845BE56F2473BDF500D6750C /* DiscoverViewController.swift */ = {isa = PBXFileReference; lastKnownFileType = sourcecode.swift; path = DiscoverViewController.swift; sourceTree = "<group>"; };
		845BE57E2477CF6000D6750C /* SubViewController.swift */ = {isa = PBXFileReference; lastKnownFileType = sourcecode.swift; path = SubViewController.swift; sourceTree = "<group>"; };
		847FD7FC249B53680094B121 /* JXUserViewController.swift */ = {isa = PBXFileReference; lastKnownFileType = sourcecode.swift; path = JXUserViewController.swift; sourceTree = "<group>"; };
		8493C129245D6F6F00012DB2 /* JXSettingViewController.swift */ = {isa = PBXFileReference; lastKnownFileType = sourcecode.swift; path = JXSettingViewController.swift; sourceTree = "<group>"; };
		8493C12C245E5C4B00012DB2 /* JXDeviceViewController.swift */ = {isa = PBXFileReference; lastKnownFileType = sourcecode.swift; path = JXDeviceViewController.swift; sourceTree = "<group>"; };
		8493C12F245E6B7B00012DB2 /* JXCommonCell.swift */ = {isa = PBXFileReference; lastKnownFileType = sourcecode.swift; path = JXCommonCell.swift; sourceTree = "<group>"; };
		8493C130245E6B7B00012DB2 /* JXCommonCell.xib */ = {isa = PBXFileReference; lastKnownFileType = file.xib; path = JXCommonCell.xib; sourceTree = "<group>"; };
		8493C1412460292A00012DB2 /* JXPrivateViewController.swift */ = {isa = PBXFileReference; lastKnownFileType = sourcecode.swift; path = JXPrivateViewController.swift; sourceTree = "<group>"; };
		8493C1472461516B00012DB2 /* JXTestViewController.swift */ = {isa = PBXFileReference; lastKnownFileType = sourcecode.swift; path = JXTestViewController.swift; sourceTree = "<group>"; };
		849F158C25B98AD4005ED859 /* LanuchViewController.swift */ = {isa = PBXFileReference; fileEncoding = 4; lastKnownFileType = sourcecode.swift; path = LanuchViewController.swift; sourceTree = "<group>"; };
		849F158E25B98AD4005ED859 /* LanuchManager.swift */ = {isa = PBXFileReference; fileEncoding = 4; lastKnownFileType = sourcecode.swift; path = LanuchManager.swift; sourceTree = "<group>"; };
		849F159025B98AD4005ED859 /* 樱花.jpg */ = {isa = PBXFileReference; lastKnownFileType = image.jpeg; path = "樱花.jpg"; sourceTree = "<group>"; };
		849F159125B98AD4005ED859 /* 视频.mp4 */ = {isa = PBXFileReference; lastKnownFileType = file; path = "视频.mp4"; sourceTree = "<group>"; };
		849F159225B98AD4005ED859 /* Province.json */ = {isa = PBXFileReference; fileEncoding = 4; lastKnownFileType = text.json; path = Province.json; sourceTree = "<group>"; };
		849F159325B98AD4005ED859 /* Countrys.json */ = {isa = PBXFileReference; fileEncoding = 4; lastKnownFileType = text.json; path = Countrys.json; sourceTree = "<group>"; };
		849F159425B98AD4005ED859 /* JXFoundation.json */ = {isa = PBXFileReference; fileEncoding = 4; lastKnownFileType = text.json; path = JXFoundation.json; sourceTree = "<group>"; };
		849F159525B98AD4005ED859 /* 撒娇.gif */ = {isa = PBXFileReference; lastKnownFileType = image.gif; path = "撒娇.gif"; sourceTree = "<group>"; };
		849F159F25B9936E005ED859 /* JXTabbarViewController.swift */ = {isa = PBXFileReference; lastKnownFileType = sourcecode.swift; path = JXTabbarViewController.swift; sourceTree = "<group>"; };
		849F15A125BA6A8B005ED859 /* Lanuch.storyboard */ = {isa = PBXFileReference; fileEncoding = 4; lastKnownFileType = file.storyboard; path = Lanuch.storyboard; sourceTree = "<group>"; };
		84C53B9D24DAB0F100C978B8 /* JXViewController.swift */ = {isa = PBXFileReference; lastKnownFileType = sourcecode.swift; path = JXViewController.swift; sourceTree = "<group>"; };
		84C53B9F24DAB75C00C978B8 /* JXAlertViewController.swift */ = {isa = PBXFileReference; lastKnownFileType = sourcecode.swift; path = JXAlertViewController.swift; sourceTree = "<group>"; };
		84C53BA124DAB78800C978B8 /* JXScrollTitleViewController.swift */ = {isa = PBXFileReference; lastKnownFileType = sourcecode.swift; path = JXScrollTitleViewController.swift; sourceTree = "<group>"; };
		84C53BA324DAB7A000C978B8 /* JXScrollContainerViewController.swift */ = {isa = PBXFileReference; lastKnownFileType = sourcecode.swift; path = JXScrollContainerViewController.swift; sourceTree = "<group>"; };
		84C53BA524DBB40400C978B8 /* JXSelectViewController.swift */ = {isa = PBXFileReference; lastKnownFileType = sourcecode.swift; path = JXSelectViewController.swift; sourceTree = "<group>"; };
		84C53BA824DCFB2E00C978B8 /* CustomSelectCell.swift */ = {isa = PBXFileReference; lastKnownFileType = sourcecode.swift; path = CustomSelectCell.swift; sourceTree = "<group>"; };
		84C53BA924DCFB2E00C978B8 /* CustomSelectCell.xib */ = {isa = PBXFileReference; lastKnownFileType = file.xib; path = CustomSelectCell.xib; sourceTree = "<group>"; };
		84C5B45424A2ECEA009729BD /* Private.storyboard */ = {isa = PBXFileReference; lastKnownFileType = file.storyboard; path = Private.storyboard; sourceTree = "<group>"; };
		84C5B45724A2EEAD009729BD /* JXAlbumViewController.swift */ = {isa = PBXFileReference; lastKnownFileType = sourcecode.swift; path = JXAlbumViewController.swift; sourceTree = "<group>"; };
		84C5B46F24A84866009729BD /* JXInputViewController.swift */ = {isa = PBXFileReference; lastKnownFileType = sourcecode.swift; path = JXInputViewController.swift; sourceTree = "<group>"; };
		84C5B47124A84946009729BD /* JXViewDemo.storyboard */ = {isa = PBXFileReference; lastKnownFileType = file.storyboard; path = JXViewDemo.storyboard; sourceTree = "<group>"; };
		84C5B5F524BC42B7009729BD /* AppDelegate+LocalNotifiication.swift */ = {isa = PBXFileReference; lastKnownFileType = sourcecode.swift; path = "AppDelegate+LocalNotifiication.swift"; sourceTree = "<group>"; };
		84C5B5F724BC4D13009729BD /* JXLocalNotificationController.swift */ = {isa = PBXFileReference; lastKnownFileType = sourcecode.swift; path = JXLocalNotificationController.swift; sourceTree = "<group>"; };
		84DB3118255D2BC6006C401B /* JXDrawListViewController.swift */ = {isa = PBXFileReference; lastKnownFileType = sourcecode.swift; path = JXDrawListViewController.swift; sourceTree = "<group>"; };
		84DB311C255D4667006C401B /* JXDropListVew.swift */ = {isa = PBXFileReference; lastKnownFileType = sourcecode.swift; path = JXDropListVew.swift; sourceTree = "<group>"; };
		84DB3122255FF089006C401B /* JXPresentView.swift */ = {isa = PBXFileReference; lastKnownFileType = sourcecode.swift; path = JXPresentView.swift; sourceTree = "<group>"; };
		84E7D58E25219ABA00605B01 /* TwoCategroyViewController.swift */ = {isa = PBXFileReference; lastKnownFileType = sourcecode.swift; path = TwoCategroyViewController.swift; sourceTree = "<group>"; };
		84E7D5912521D61700605B01 /* JXHorizontalViewController.swift */ = {isa = PBXFileReference; lastKnownFileType = sourcecode.swift; path = JXHorizontalViewController.swift; sourceTree = "<group>"; };
		84E7D5932521D65800605B01 /* JXVerticallyViewController.swift */ = {isa = PBXFileReference; lastKnownFileType = sourcecode.swift; path = JXVerticallyViewController.swift; sourceTree = "<group>"; };
		84FA3668259045F400A3E4BC /* TViewController.swift */ = {isa = PBXFileReference; lastKnownFileType = sourcecode.swift; path = TViewController.swift; sourceTree = "<group>"; };
		8F5B92AB0EF0DE8A546F7385 /* JXFoundation.podspec */ = {isa = PBXFileReference; includeInIndex = 1; lastKnownFileType = text; name = JXFoundation.podspec; path = ../JXFoundation.podspec; sourceTree = "<group>"; xcLanguageSpecificationIdentifier = xcode.lang.ruby; };
		A229F08ED1DE9C6192AFD97E /* Pods-JXFoundation_Tests.release.xcconfig */ = {isa = PBXFileReference; includeInIndex = 1; lastKnownFileType = text.xcconfig; name = "Pods-JXFoundation_Tests.release.xcconfig"; path = "Pods/Target Support Files/Pods-JXFoundation_Tests/Pods-JXFoundation_Tests.release.xcconfig"; sourceTree = "<group>"; };
		B6E14FD458B0D2892BD30F6E /* Pods_JXFoundation_Example.framework */ = {isa = PBXFileReference; explicitFileType = wrapper.framework; includeInIndex = 0; path = Pods_JXFoundation_Example.framework; sourceTree = BUILT_PRODUCTS_DIR; };
		C61EB5F1B94044D0D48F7F83 /* Pods-JXFoundation_Example.debug.xcconfig */ = {isa = PBXFileReference; includeInIndex = 1; lastKnownFileType = text.xcconfig; name = "Pods-JXFoundation_Example.debug.xcconfig"; path = "Pods/Target Support Files/Pods-JXFoundation_Example/Pods-JXFoundation_Example.debug.xcconfig"; sourceTree = "<group>"; };
		E50CC44660C13CE0EE9B87DB /* README.md */ = {isa = PBXFileReference; includeInIndex = 1; lastKnownFileType = net.daringfireball.markdown; name = README.md; path = ../README.md; sourceTree = "<group>"; };
		F4033CC54EDB8F326E866405 /* Pods_JXFoundation_Tests.framework */ = {isa = PBXFileReference; explicitFileType = wrapper.framework; includeInIndex = 0; path = Pods_JXFoundation_Tests.framework; sourceTree = BUILT_PRODUCTS_DIR; };
		F6D7AE780731F5ACFE9BD095 /* LICENSE */ = {isa = PBXFileReference; includeInIndex = 1; lastKnownFileType = text; name = LICENSE; path = ../LICENSE; sourceTree = "<group>"; };
/* End PBXFileReference section */

/* Begin PBXFrameworksBuildPhase section */
		607FACCD1AFB9204008FA782 /* Frameworks */ = {
			isa = PBXFrameworksBuildPhase;
			buildActionMask = 2147483647;
			files = (
				7A19245D051968A0AE489E12 /* Pods_JXFoundation_Example.framework in Frameworks */,
			);
			runOnlyForDeploymentPostprocessing = 0;
		};
		607FACE21AFB9204008FA782 /* Frameworks */ = {
			isa = PBXFrameworksBuildPhase;
			buildActionMask = 2147483647;
			files = (
				F58900C50512E0C1CD6EEA78 /* Pods_JXFoundation_Tests.framework in Frameworks */,
			);
			runOnlyForDeploymentPostprocessing = 0;
		};
/* End PBXFrameworksBuildPhase section */

/* Begin PBXGroup section */
		0AB0DB27E94CF09ECD8471B2 /* Frameworks */ = {
			isa = PBXGroup;
			children = (
				B6E14FD458B0D2892BD30F6E /* Pods_JXFoundation_Example.framework */,
				F4033CC54EDB8F326E866405 /* Pods_JXFoundation_Tests.framework */,
			);
			name = Frameworks;
			sourceTree = "<group>";
		};
		3524FC8E21D0923E005813A3 /* Main */ = {
			isa = PBXGroup;
			children = (
				84C53BA724DCFADC00C978B8 /* View */,
				84C5B46E24A84821009729BD /* ViewController */,
				3598AB6820E9FE1700841C85 /* MainViewController.swift */,
				845BE57E2477CF6000D6750C /* SubViewController.swift */,
				84C53B9D24DAB0F100C978B8 /* JXViewController.swift */,
			);
			path = Main;
			sourceTree = "<group>";
		};
		3524FC8F21D0924B005813A3 /* My */ = {
			isa = PBXGroup;
			children = (
				845BE55F2473871800D6750C /* 拖动排序 */,
				3524FC9121D0927C005813A3 /* MyViewController.swift */,
				847FD7FC249B53680094B121 /* JXUserViewController.swift */,
				8493C129245D6F6F00012DB2 /* JXSettingViewController.swift */,
				84FA3668259045F400A3E4BC /* TViewController.swift */,
				8493C1472461516B00012DB2 /* JXTestViewController.swift */,
				84286EE4253953A90056904F /* JXScrollCycleView.swift */,
				84DB311C255D4667006C401B /* JXDropListVew.swift */,
				84DB3122255FF089006C401B /* JXPresentView.swift */,
				84131007256A6184008FD717 /* JXTestView.swift */,
				84131009256A61D1008FD717 /* JXTestView.xib */,
				8493C140246028D600012DB2 /* Setting */,
				8493C12F245E6B7B00012DB2 /* JXCommonCell.swift */,
				8493C130245E6B7B00012DB2 /* JXCommonCell.xib */,
			);
			path = My;
			sourceTree = "<group>";
		};
		3524FC9021D09255005813A3 /* Category */ = {
			isa = PBXGroup;
			children = (
				84E7D58D252199E700605B01 /* 二级列表 */,
				845BE5712473DFA200D6750C /* 三级列表 */,
			);
			path = Category;
			sourceTree = "<group>";
		};
		3598AB6C20EA076C00841C85 /* JXViewController */ = {
			isa = PBXGroup;
			children = (
				3595B2A12190062C00494929 /* CountDown.swift */,
				3595B2CC2196EB0F00494929 /* InputViewController.swift */,
				3517600820E643890056803B /* OrderManagerViewController.swift */,
				3595B29B218FECA800494929 /* TestListController.swift */,
				607FACD71AFB9204008FA782 /* ViewController.swift */,
			);
			name = JXViewController;
			sourceTree = "<group>";
		};
		3598AB6D20EA07A600841C85 /* UIKitViewController */ = {
			isa = PBXGroup;
			children = (
				3598AB6A20EA022E00841C85 /* UIKitViewController.swift */,
			);
			name = UIKitViewController;
			sourceTree = "<group>";
		};
		607FACC71AFB9204008FA782 = {
			isa = PBXGroup;
			children = (
				607FACF51AFB993E008FA782 /* Podspec Metadata */,
				607FACD21AFB9204008FA782 /* Example for JXFoundation */,
				607FACE81AFB9204008FA782 /* Tests */,
				607FACD11AFB9204008FA782 /* Products */,
				C536AD799CDC1AB488212340 /* Pods */,
				0AB0DB27E94CF09ECD8471B2 /* Frameworks */,
			);
			sourceTree = "<group>";
		};
		607FACD11AFB9204008FA782 /* Products */ = {
			isa = PBXGroup;
			children = (
				607FACD01AFB9204008FA782 /* JXFoundation_Example.app */,
				607FACE51AFB9204008FA782 /* JXFoundation_Tests.xctest */,
			);
			name = Products;
			sourceTree = "<group>";
		};
		607FACD21AFB9204008FA782 /* Example for JXFoundation */ = {
			isa = PBXGroup;
			children = (
				845BE56E2473BDCB00D6750C /* Discover */,
				3524FC9021D09255005813A3 /* Category */,
				3524FC8F21D0924B005813A3 /* My */,
				3524FC8E21D0923E005813A3 /* Main */,
				3598AB6C20EA076C00841C85 /* JXViewController */,
				3598AB6D20EA07A600841C85 /* UIKitViewController */,
				607FACD51AFB9204008FA782 /* AppDelegate.swift */,
				607FACD91AFB9204008FA782 /* Main.storyboard */,
				607FACDC1AFB9204008FA782 /* Images.xcassets */,
				607FACDE1AFB9204008FA782 /* LaunchScreen.xib */,
				607FACD31AFB9204008FA782 /* Supporting Files */,
			);
			name = "Example for JXFoundation";
			path = JXFoundation;
			sourceTree = "<group>";
		};
		607FACD31AFB9204008FA782 /* Supporting Files */ = {
			isa = PBXGroup;
			children = (
				849F158B25B98AD4005ED859 /* lanuch */,
				849F158F25B98AD4005ED859 /* resource */,
				607FACD41AFB9204008FA782 /* Info.plist */,
				29A9A8CF2351CC4E00489648 /* Localizable.strings */,
			);
			name = "Supporting Files";
			sourceTree = "<group>";
		};
		607FACE81AFB9204008FA782 /* Tests */ = {
			isa = PBXGroup;
			children = (
				607FACEB1AFB9204008FA782 /* Tests.swift */,
				607FACE91AFB9204008FA782 /* Supporting Files */,
			);
			path = Tests;
			sourceTree = "<group>";
		};
		607FACE91AFB9204008FA782 /* Supporting Files */ = {
			isa = PBXGroup;
			children = (
				607FACEA1AFB9204008FA782 /* Info.plist */,
			);
			name = "Supporting Files";
			sourceTree = "<group>";
		};
		607FACF51AFB993E008FA782 /* Podspec Metadata */ = {
			isa = PBXGroup;
			children = (
				8F5B92AB0EF0DE8A546F7385 /* JXFoundation.podspec */,
				E50CC44660C13CE0EE9B87DB /* README.md */,
				F6D7AE780731F5ACFE9BD095 /* LICENSE */,
			);
			name = "Podspec Metadata";
			sourceTree = "<group>";
		};
		84286E652535BB910056904F /* VerticalDemo */ = {
			isa = PBXGroup;
			children = (
				84286E702535BB910056904F /* HomeViewController.swift */,
				84286E6B2535BB910056904F /* HomeCommonFooterReusableView.swift */,
				84286E662535BB910056904F /* HomeCommonFooterReusableView.xib */,
				84286E712535BB910056904F /* LeftItemCell.xib */,
				84286E722535BB910056904F /* LeftItemCell.swift */,
				84286E672535BB910056904F /* video */,
				84286E6C2535BB910056904F /* game */,
				84286E732535BB910056904F /* live */,
				84286E792535BB910056904F /* main */,
			);
			path = VerticalDemo;
			sourceTree = "<group>";
		};
		84286E672535BB910056904F /* video */ = {
			isa = PBXGroup;
			children = (
				84286E6A2535BB910056904F /* VideoViewController.swift */,
				84286E682535BB910056904F /* VideoContentCell.xib */,
				84286E692535BB910056904F /* VideoContentCell.swift */,
			);
			path = video;
			sourceTree = "<group>";
		};
		84286E6C2535BB910056904F /* game */ = {
			isa = PBXGroup;
			children = (
				84286E6D2535BB910056904F /* HomeGameController.swift */,
				84286E6E2535BB910056904F /* GameItemViewCell.xib */,
				84286E6F2535BB910056904F /* GameItemViewCell.swift */,
			);
			path = game;
			sourceTree = "<group>";
		};
		84286E732535BB910056904F /* live */ = {
			isa = PBXGroup;
			children = (
				84286E782535BB910056904F /* HomeLiveController.swift */,
				84286E742535BB910056904F /* LiveItemViewCell.xib */,
				84286E762535BB910056904F /* LiveItemViewCell.swift */,
				84286E752535BB910056904F /* LiveHeaderReusableView.swift */,
				84286E772535BB910056904F /* LiveHeaderReusableView.xib */,
			);
			path = live;
			sourceTree = "<group>";
		};
		84286E792535BB910056904F /* main */ = {
			isa = PBXGroup;
			children = (
				84286E7B2535BB910056904F /* MainController.swift */,
				84286E7A2535BB910056904F /* MainEntryCell.xib */,
				84286E7C2535BB910056904F /* MainEntryCell.swift */,
				84286E7D2535BB910056904F /* MainContentCell.swift */,
				84286E7E2535BB910056904F /* MainContentCell.xib */,
				84286E7F2535BB910056904F /* MainHeaderReusableView.swift */,
				84286E802535BB910056904F /* MainHeaderReusableView.xib */,
			);
			path = main;
			sourceTree = "<group>";
		};
		8434AFD125524A6A002559C2 /* Control */ = {
			isa = PBXGroup;
			children = (
				8434AFD225524A74002559C2 /* Rotation */,
			);
			path = Control;
			sourceTree = "<group>";
		};
		8434AFD225524A74002559C2 /* Rotation */ = {
			isa = PBXGroup;
			children = (
				8434AFD725524B2B002559C2 /* JXRotationViewController.swift */,
				8434AFD325524AB3002559C2 /* JXPortraitViewController.swift */,
				8434AFD525524AD8002559C2 /* JXlandscapeRightViewController.swift */,
			);
			path = Rotation;
			sourceTree = "<group>";
		};
		845BE55F2473871800D6750C /* 拖动排序 */ = {
			isa = PBXGroup;
			children = (
				845BE5632473875200D6750C /* ChannelReusableView.swift */,
				845BE5622473875200D6750C /* ChannelReusableView.xib */,
				845BE5602473875200D6750C /* ChannelViewCell.swift */,
				845BE5612473875200D6750C /* ChannelViewCell.xib */,
				845BE55D2473862700D6750C /* JXChannelViewController.swift */,
			);
			path = "拖动排序";
			sourceTree = "<group>";
		};
		845BE56E2473BDCB00D6750C /* Discover */ = {
			isa = PBXGroup;
			children = (
				845BE56F2473BDF500D6750C /* DiscoverViewController.swift */,
			);
			path = Discover;
			sourceTree = "<group>";
		};
		845BE5712473DFA200D6750C /* 三级列表 */ = {
			isa = PBXGroup;
			children = (
				351EE60C210875D6004C5DE9 /* CategoryViewController.swift */,
			);
			path = "三级列表";
			sourceTree = "<group>";
		};
		8493C140246028D600012DB2 /* Setting */ = {
			isa = PBXGroup;
			children = (
				8493C12C245E5C4B00012DB2 /* JXDeviceViewController.swift */,
				8434AFCF255249A9002559C2 /* JXControlViewController.swift */,
				8434AFD125524A6A002559C2 /* Control */,
				8493C1412460292A00012DB2 /* JXPrivateViewController.swift */,
				84C5B5F524BC42B7009729BD /* AppDelegate+LocalNotifiication.swift */,
				84C5B45624A2EDD3009729BD /* Private */,
				845BE5562472494B00D6750C /* JXDataViewController.swift */,
			);
			path = Setting;
			sourceTree = "<group>";
		};
		849F158B25B98AD4005ED859 /* lanuch */ = {
			isa = PBXGroup;
			children = (
				849F15A125BA6A8B005ED859 /* Lanuch.storyboard */,
				849F158C25B98AD4005ED859 /* LanuchViewController.swift */,
				849F158E25B98AD4005ED859 /* LanuchManager.swift */,
				849F159F25B9936E005ED859 /* JXTabbarViewController.swift */,
			);
			path = lanuch;
			sourceTree = "<group>";
		};
		849F158F25B98AD4005ED859 /* resource */ = {
			isa = PBXGroup;
			children = (
				849F159025B98AD4005ED859 /* 樱花.jpg */,
				849F159125B98AD4005ED859 /* 视频.mp4 */,
				849F159225B98AD4005ED859 /* Province.json */,
				849F159325B98AD4005ED859 /* Countrys.json */,
				849F159425B98AD4005ED859 /* JXFoundation.json */,
				849F159525B98AD4005ED859 /* 撒娇.gif */,
			);
			path = resource;
			sourceTree = "<group>";
		};
		84C53BA724DCFADC00C978B8 /* View */ = {
			isa = PBXGroup;
			children = (
				84C53BA824DCFB2E00C978B8 /* CustomSelectCell.swift */,
				84C53BA924DCFB2E00C978B8 /* CustomSelectCell.xib */,
			);
			path = View;
			sourceTree = "<group>";
		};
		84C5B45624A2EDD3009729BD /* Private */ = {
			isa = PBXGroup;
			children = (
				84C5B45424A2ECEA009729BD /* Private.storyboard */,
				84C5B45724A2EEAD009729BD /* JXAlbumViewController.swift */,
				84C5B5F724BC4D13009729BD /* JXLocalNotificationController.swift */,
			);
			path = Private;
			sourceTree = "<group>";
		};
		84C5B46E24A84821009729BD /* ViewController */ = {
			isa = PBXGroup;
			children = (
				3517600920E643890056803B /* JXFeedbackViewController.swift */,
				84C5B46F24A84866009729BD /* JXInputViewController.swift */,
				84C53B9F24DAB75C00C978B8 /* JXAlertViewController.swift */,
				84C53BA524DBB40400C978B8 /* JXSelectViewController.swift */,
				84C53BA124DAB78800C978B8 /* JXScrollTitleViewController.swift */,
				84286E992536E53D0056904F /* JXActivityIndicatorButtonViewController.swift */,
				84286E9B2536E93B0056904F /* JXAutoScrollViewController.swift */,
				84DB3118255D2BC6006C401B /* JXDrawListViewController.swift */,
				84E7D5902521D4CB00605B01 /* JXScrollContainerView */,
				84C5B47124A84946009729BD /* JXViewDemo.storyboard */,
			);
			path = ViewController;
			sourceTree = "<group>";
		};
		84E7D58D252199E700605B01 /* 二级列表 */ = {
			isa = PBXGroup;
			children = (
				84E7D58E25219ABA00605B01 /* TwoCategroyViewController.swift */,
			);
			path = "二级列表";
			sourceTree = "<group>";
		};
		84E7D5902521D4CB00605B01 /* JXScrollContainerView */ = {
			isa = PBXGroup;
			children = (
				84C53BA324DAB7A000C978B8 /* JXScrollContainerViewController.swift */,
				84E7D5912521D61700605B01 /* JXHorizontalViewController.swift */,
				84E7D5932521D65800605B01 /* JXVerticallyViewController.swift */,
				84286E652535BB910056904F /* VerticalDemo */,
			);
			path = JXScrollContainerView;
			sourceTree = "<group>";
		};
		C536AD799CDC1AB488212340 /* Pods */ = {
			isa = PBXGroup;
			children = (
				C61EB5F1B94044D0D48F7F83 /* Pods-JXFoundation_Example.debug.xcconfig */,
				59B74FFF5F4FDAF17FB293C5 /* Pods-JXFoundation_Example.release.xcconfig */,
				5BE60DEF63C7E707B5D4E0DA /* Pods-JXFoundation_Tests.debug.xcconfig */,
				A229F08ED1DE9C6192AFD97E /* Pods-JXFoundation_Tests.release.xcconfig */,
			);
			name = Pods;
			sourceTree = "<group>";
		};
/* End PBXGroup section */

/* Begin PBXNativeTarget section */
		607FACCF1AFB9204008FA782 /* JXFoundation_Example */ = {
			isa = PBXNativeTarget;
			buildConfigurationList = 607FACEF1AFB9204008FA782 /* Build configuration list for PBXNativeTarget "JXFoundation_Example" */;
			buildPhases = (
				931BDAC7355E99910D441712 /* [CP] Check Pods Manifest.lock */,
				607FACCC1AFB9204008FA782 /* Sources */,
				607FACCD1AFB9204008FA782 /* Frameworks */,
				607FACCE1AFB9204008FA782 /* Resources */,
				AEEB9B0BF03D220448348E01 /* [CP] Embed Pods Frameworks */,
			);
			buildRules = (
			);
			dependencies = (
			);
			name = JXFoundation_Example;
			productName = JXFoundation;
			productReference = 607FACD01AFB9204008FA782 /* JXFoundation_Example.app */;
			productType = "com.apple.product-type.application";
		};
		607FACE41AFB9204008FA782 /* JXFoundation_Tests */ = {
			isa = PBXNativeTarget;
			buildConfigurationList = 607FACF21AFB9204008FA782 /* Build configuration list for PBXNativeTarget "JXFoundation_Tests" */;
			buildPhases = (
				5B2E6D359825F993445D7F1D /* [CP] Check Pods Manifest.lock */,
				607FACE11AFB9204008FA782 /* Sources */,
				607FACE21AFB9204008FA782 /* Frameworks */,
				607FACE31AFB9204008FA782 /* Resources */,
				3DBA60A94C0D15932CCD6C32 /* [CP] Embed Pods Frameworks */,
			);
			buildRules = (
			);
			dependencies = (
				607FACE71AFB9204008FA782 /* PBXTargetDependency */,
			);
			name = JXFoundation_Tests;
			productName = Tests;
			productReference = 607FACE51AFB9204008FA782 /* JXFoundation_Tests.xctest */;
			productType = "com.apple.product-type.bundle.unit-test";
		};
/* End PBXNativeTarget section */

/* Begin PBXProject section */
		607FACC81AFB9204008FA782 /* Project object */ = {
			isa = PBXProject;
			attributes = {
				LastSwiftUpdateCheck = 0830;
				LastUpgradeCheck = 1020;
				ORGANIZATIONNAME = CocoaPods;
				TargetAttributes = {
					607FACCF1AFB9204008FA782 = {
						CreatedOnToolsVersion = 6.3.1;
						DevelopmentTeam = 2BW22L7PP7;
						LastSwiftMigration = 1140;
						ProvisioningStyle = Manual;
					};
					607FACE41AFB9204008FA782 = {
						CreatedOnToolsVersion = 6.3.1;
						DevelopmentTeam = KKYJM4DU53;
						LastSwiftMigration = 1020;
						ProvisioningStyle = Manual;
						TestTargetID = 607FACCF1AFB9204008FA782;
					};
				};
			};
			buildConfigurationList = 607FACCB1AFB9204008FA782 /* Build configuration list for PBXProject "JXFoundation" */;
			compatibilityVersion = "Xcode 3.2";
			developmentRegion = en;
			hasScannedForEncodings = 0;
			knownRegions = (
				en,
				Base,
				"zh-Hans",
				ko,
				ja,
			);
			mainGroup = 607FACC71AFB9204008FA782;
			productRefGroup = 607FACD11AFB9204008FA782 /* Products */;
			projectDirPath = "";
			projectRoot = "";
			targets = (
				607FACCF1AFB9204008FA782 /* JXFoundation_Example */,
				607FACE41AFB9204008FA782 /* JXFoundation_Tests */,
			);
		};
/* End PBXProject section */

/* Begin PBXResourcesBuildPhase section */
		607FACCE1AFB9204008FA782 /* Resources */ = {
			isa = PBXResourcesBuildPhase;
			buildActionMask = 2147483647;
			files = (
				84C53BAB24DCFB2E00C978B8 /* CustomSelectCell.xib in Resources */,
				8413100A256A61D1008FD717 /* JXTestView.xib in Resources */,
				84C5B47224A84946009729BD /* JXViewDemo.storyboard in Resources */,
				849F159B25B98AD4005ED859 /* Province.json in Resources */,
				849F15A225BA6A8B005ED859 /* Lanuch.storyboard in Resources */,
				84286E8A2535BB910056904F /* LeftItemCell.xib in Resources */,
				84286E972535BB910056904F /* MainHeaderReusableView.xib in Resources */,
				84286E8C2535BB910056904F /* LiveItemViewCell.xib in Resources */,
				607FACDB1AFB9204008FA782 /* Main.storyboard in Resources */,
				8493C132245E6B7B00012DB2 /* JXCommonCell.xib in Resources */,
				845BE5662473875300D6750C /* ChannelReusableView.xib in Resources */,
				84286E812535BB910056904F /* HomeCommonFooterReusableView.xib in Resources */,
				84286E872535BB910056904F /* GameItemViewCell.xib in Resources */,
				849F159D25B98AD4005ED859 /* JXFoundation.json in Resources */,
				29A9A8CD2351CC4E00489648 /* Localizable.strings in Resources */,
				84C5B45524A2ECEB009729BD /* Private.storyboard in Resources */,
				84286E912535BB910056904F /* MainEntryCell.xib in Resources */,
				607FACE01AFB9204008FA782 /* LaunchScreen.xib in Resources */,
				849F159925B98AD4005ED859 /* 樱花.jpg in Resources */,
				84286E8F2535BB910056904F /* LiveHeaderReusableView.xib in Resources */,
				84286E952535BB910056904F /* MainContentCell.xib in Resources */,
				849F159C25B98AD4005ED859 /* Countrys.json in Resources */,
				845BE5652473875200D6750C /* ChannelViewCell.xib in Resources */,
				849F159E25B98AD4005ED859 /* 撒娇.gif in Resources */,
				849F159A25B98AD4005ED859 /* 视频.mp4 in Resources */,
				607FACDD1AFB9204008FA782 /* Images.xcassets in Resources */,
				84286E822535BB910056904F /* VideoContentCell.xib in Resources */,
			);
			runOnlyForDeploymentPostprocessing = 0;
		};
		607FACE31AFB9204008FA782 /* Resources */ = {
			isa = PBXResourcesBuildPhase;
			buildActionMask = 2147483647;
			files = (
			);
			runOnlyForDeploymentPostprocessing = 0;
		};
/* End PBXResourcesBuildPhase section */

/* Begin PBXShellScriptBuildPhase section */
		3DBA60A94C0D15932CCD6C32 /* [CP] Embed Pods Frameworks */ = {
			isa = PBXShellScriptBuildPhase;
			buildActionMask = 2147483647;
			files = (
			);
			inputPaths = (
				"${PODS_ROOT}/Target Support Files/Pods-JXFoundation_Tests/Pods-JXFoundation_Tests-frameworks.sh",
				"${BUILT_PRODUCTS_DIR}/FBSnapshotTestCase/FBSnapshotTestCase.framework",
				"${BUILT_PRODUCTS_DIR}/Nimble/Nimble.framework",
				"${BUILT_PRODUCTS_DIR}/Nimble-Snapshots/Nimble_Snapshots.framework",
				"${BUILT_PRODUCTS_DIR}/Quick/Quick.framework",
				"${BUILT_PRODUCTS_DIR}/iOSSnapshotTestCase/FBSnapshotTestCase.framework",
			);
			name = "[CP] Embed Pods Frameworks";
			outputPaths = (
				"${TARGET_BUILD_DIR}/${FRAMEWORKS_FOLDER_PATH}/FBSnapshotTestCase.framework",
				"${TARGET_BUILD_DIR}/${FRAMEWORKS_FOLDER_PATH}/Nimble.framework",
				"${TARGET_BUILD_DIR}/${FRAMEWORKS_FOLDER_PATH}/Nimble_Snapshots.framework",
				"${TARGET_BUILD_DIR}/${FRAMEWORKS_FOLDER_PATH}/Quick.framework",
			);
			runOnlyForDeploymentPostprocessing = 0;
			shellPath = /bin/sh;
			shellScript = "\"${PODS_ROOT}/Target Support Files/Pods-JXFoundation_Tests/Pods-JXFoundation_Tests-frameworks.sh\"\n";
			showEnvVarsInLog = 0;
		};
		5B2E6D359825F993445D7F1D /* [CP] Check Pods Manifest.lock */ = {
			isa = PBXShellScriptBuildPhase;
			buildActionMask = 2147483647;
			files = (
			);
			inputPaths = (
				"${PODS_PODFILE_DIR_PATH}/Podfile.lock",
				"${PODS_ROOT}/Manifest.lock",
			);
			name = "[CP] Check Pods Manifest.lock";
			outputPaths = (
				"$(DERIVED_FILE_DIR)/Pods-JXFoundation_Tests-checkManifestLockResult.txt",
			);
			runOnlyForDeploymentPostprocessing = 0;
			shellPath = /bin/sh;
			shellScript = "diff \"${PODS_PODFILE_DIR_PATH}/Podfile.lock\" \"${PODS_ROOT}/Manifest.lock\" > /dev/null\nif [ $? != 0 ] ; then\n    # print error to STDERR\n    echo \"error: The sandbox is not in sync with the Podfile.lock. Run 'pod install' or update your CocoaPods installation.\" >&2\n    exit 1\nfi\n# This output is used by Xcode 'outputs' to avoid re-running this script phase.\necho \"SUCCESS\" > \"${SCRIPT_OUTPUT_FILE_0}\"\n";
			showEnvVarsInLog = 0;
		};
		931BDAC7355E99910D441712 /* [CP] Check Pods Manifest.lock */ = {
			isa = PBXShellScriptBuildPhase;
			buildActionMask = 2147483647;
			files = (
			);
			inputPaths = (
				"${PODS_PODFILE_DIR_PATH}/Podfile.lock",
				"${PODS_ROOT}/Manifest.lock",
			);
			name = "[CP] Check Pods Manifest.lock";
			outputPaths = (
				"$(DERIVED_FILE_DIR)/Pods-JXFoundation_Example-checkManifestLockResult.txt",
			);
			runOnlyForDeploymentPostprocessing = 0;
			shellPath = /bin/sh;
			shellScript = "diff \"${PODS_PODFILE_DIR_PATH}/Podfile.lock\" \"${PODS_ROOT}/Manifest.lock\" > /dev/null\nif [ $? != 0 ] ; then\n    # print error to STDERR\n    echo \"error: The sandbox is not in sync with the Podfile.lock. Run 'pod install' or update your CocoaPods installation.\" >&2\n    exit 1\nfi\n# This output is used by Xcode 'outputs' to avoid re-running this script phase.\necho \"SUCCESS\" > \"${SCRIPT_OUTPUT_FILE_0}\"\n";
			showEnvVarsInLog = 0;
		};
		AEEB9B0BF03D220448348E01 /* [CP] Embed Pods Frameworks */ = {
			isa = PBXShellScriptBuildPhase;
			buildActionMask = 2147483647;
			files = (
			);
			inputPaths = (
				"${PODS_ROOT}/Target Support Files/Pods-JXFoundation_Example/Pods-JXFoundation_Example-frameworks.sh",
				"${BUILT_PRODUCTS_DIR}/JXFoundation/JXFoundation.framework",
				"${BUILT_PRODUCTS_DIR}/ReachabilitySwift/Reachability.framework",
			);
			name = "[CP] Embed Pods Frameworks";
			outputPaths = (
				"${TARGET_BUILD_DIR}/${FRAMEWORKS_FOLDER_PATH}/JXFoundation.framework",
				"${TARGET_BUILD_DIR}/${FRAMEWORKS_FOLDER_PATH}/Reachability.framework",
			);
			runOnlyForDeploymentPostprocessing = 0;
			shellPath = /bin/sh;
			shellScript = "\"${PODS_ROOT}/Target Support Files/Pods-JXFoundation_Example/Pods-JXFoundation_Example-frameworks.sh\"\n";
			showEnvVarsInLog = 0;
		};
/* End PBXShellScriptBuildPhase section */

/* Begin PBXSourcesBuildPhase section */
		607FACCC1AFB9204008FA782 /* Sources */ = {
			isa = PBXSourcesBuildPhase;
			buildActionMask = 2147483647;
			files = (
				84286E8D2535BB910056904F /* LiveHeaderReusableView.swift in Sources */,
				84286E932535BB910056904F /* MainEntryCell.swift in Sources */,
				84286E962535BB910056904F /* MainHeaderReusableView.swift in Sources */,
				84C5B45824A2EEAD009729BD /* JXAlbumViewController.swift in Sources */,
				849F159825B98AD4005ED859 /* LanuchManager.swift in Sources */,
				607FACD81AFB9204008FA782 /* ViewController.swift in Sources */,
				84131008256A6184008FD717 /* JXTestView.swift in Sources */,
				84C53BA224DAB78800C978B8 /* JXScrollTitleViewController.swift in Sources */,
				3595B2A22190062C00494929 /* CountDown.swift in Sources */,
				845BE55E2473862700D6750C /* JXChannelViewController.swift in Sources */,
				84286E842535BB910056904F /* VideoViewController.swift in Sources */,
				84E7D5942521D65800605B01 /* JXVerticallyViewController.swift in Sources */,
				845BE57F2477CF6000D6750C /* SubViewController.swift in Sources */,
				849F159625B98AD4005ED859 /* LanuchViewController.swift in Sources */,
				84286E942535BB910056904F /* MainContentCell.swift in Sources */,
				849F15A025B9936E005ED859 /* JXTabbarViewController.swift in Sources */,
				3595B2CD2196EB0F00494929 /* InputViewController.swift in Sources */,
				84C5B5F824BC4D13009729BD /* JXLocalNotificationController.swift in Sources */,
				84286E8E2535BB910056904F /* LiveItemViewCell.swift in Sources */,
				84C53BAA24DCFB2E00C978B8 /* CustomSelectCell.swift in Sources */,
				84C53B9E24DAB0F400C978B8 /* JXViewController.swift in Sources */,
				84286E852535BB910056904F /* HomeCommonFooterReusableView.swift in Sources */,
				3595B29C218FECA800494929 /* TestListController.swift in Sources */,
				84DB3119255D2BC6006C401B /* JXDrawListViewController.swift in Sources */,
				8493C1422460292A00012DB2 /* JXPrivateViewController.swift in Sources */,
				84286E882535BB910056904F /* GameItemViewCell.swift in Sources */,
				84DB311D255D4667006C401B /* JXDropListVew.swift in Sources */,
				8493C1482461516B00012DB2 /* JXTestViewController.swift in Sources */,
				84DB3123255FF089006C401B /* JXPresentView.swift in Sources */,
				845BE5572472494B00D6750C /* JXDataViewController.swift in Sources */,
				84286E832535BB910056904F /* VideoContentCell.swift in Sources */,
				84286E892535BB910056904F /* HomeViewController.swift in Sources */,
				84E7D58F25219ABA00605B01 /* TwoCategroyViewController.swift in Sources */,
				84286E9A2536E53D0056904F /* JXActivityIndicatorButtonViewController.swift in Sources */,
				607FACD61AFB9204008FA782 /* AppDelegate.swift in Sources */,
				8493C12A245D6F6F00012DB2 /* JXSettingViewController.swift in Sources */,
				3517600B20E643890056803B /* OrderManagerViewController.swift in Sources */,
				3598AB6B20EA022E00841C85 /* UIKitViewController.swift in Sources */,
				8493C131245E6B7B00012DB2 /* JXCommonCell.swift in Sources */,
				84286E8B2535BB910056904F /* LeftItemCell.swift in Sources */,
				84286E862535BB910056904F /* HomeGameController.swift in Sources */,
				845BE5672473875300D6750C /* ChannelReusableView.swift in Sources */,
				84C5B5F624BC42B7009729BD /* AppDelegate+LocalNotifiication.swift in Sources */,
				351EE60D210875D6004C5DE9 /* CategoryViewController.swift in Sources */,
				84E7D5922521D61700605B01 /* JXHorizontalViewController.swift in Sources */,
				3598AB6920E9FE1700841C85 /* MainViewController.swift in Sources */,
				8493C12D245E5C4B00012DB2 /* JXDeviceViewController.swift in Sources */,
				8434AFD825524B2B002559C2 /* JXRotationViewController.swift in Sources */,
				84FA3669259045F400A3E4BC /* TViewController.swift in Sources */,
				8434AFD0255249A9002559C2 /* JXControlViewController.swift in Sources */,
				845BE5642473875200D6750C /* ChannelViewCell.swift in Sources */,
				84C53BA624DBB40400C978B8 /* JXSelectViewController.swift in Sources */,
				845BE5702473BDF500D6750C /* DiscoverViewController.swift in Sources */,
				84286E922535BB910056904F /* MainController.swift in Sources */,
				847FD7FD249B53680094B121 /* JXUserViewController.swift in Sources */,
				3524FC9221D0927C005813A3 /* MyViewController.swift in Sources */,
				84286E9C2536E93B0056904F /* JXAutoScrollViewController.swift in Sources */,
				3517600C20E643890056803B /* JXFeedbackViewController.swift in Sources */,
				8434AFD425524AB3002559C2 /* JXPortraitViewController.swift in Sources */,
				84C53BA424DAB7A000C978B8 /* JXScrollContainerViewController.swift in Sources */,
				8434AFD625524AD8002559C2 /* JXlandscapeRightViewController.swift in Sources */,
				84286E902535BB910056904F /* HomeLiveController.swift in Sources */,
				84C5B47024A84866009729BD /* JXInputViewController.swift in Sources */,
				84286EE5253953A90056904F /* JXScrollCycleView.swift in Sources */,
				84C53BA024DAB75C00C978B8 /* JXAlertViewController.swift in Sources */,
			);
			runOnlyForDeploymentPostprocessing = 0;
		};
		607FACE11AFB9204008FA782 /* Sources */ = {
			isa = PBXSourcesBuildPhase;
			buildActionMask = 2147483647;
			files = (
				607FACEC1AFB9204008FA782 /* Tests.swift in Sources */,
			);
			runOnlyForDeploymentPostprocessing = 0;
		};
/* End PBXSourcesBuildPhase section */

/* Begin PBXTargetDependency section */
		607FACE71AFB9204008FA782 /* PBXTargetDependency */ = {
			isa = PBXTargetDependency;
			target = 607FACCF1AFB9204008FA782 /* JXFoundation_Example */;
			targetProxy = 607FACE61AFB9204008FA782 /* PBXContainerItemProxy */;
		};
/* End PBXTargetDependency section */

/* Begin PBXVariantGroup section */
		29A9A8CF2351CC4E00489648 /* Localizable.strings */ = {
			isa = PBXVariantGroup;
			children = (
				29A9A8CE2351CC4E00489648 /* en */,
				29A9A8D02351CC5500489648 /* zh-Hans */,
				29A9A8D12351CC5600489648 /* ja */,
				29A9A8D22351CC5800489648 /* ko */,
			);
			name = Localizable.strings;
			sourceTree = "<group>";
		};
		607FACD91AFB9204008FA782 /* Main.storyboard */ = {
			isa = PBXVariantGroup;
			children = (
				607FACDA1AFB9204008FA782 /* Base */,
				292455B72351BFA0007CE073 /* zh-Hans */,
				29A9A8C32351CAF200489648 /* ko */,
				29A9A8C52351CAFA00489648 /* ja */,
				29A9A8C82351CB2000489648 /* en */,
			);
			name = Main.storyboard;
			sourceTree = "<group>";
		};
		607FACDE1AFB9204008FA782 /* LaunchScreen.xib */ = {
			isa = PBXVariantGroup;
			children = (
				607FACDF1AFB9204008FA782 /* Base */,
				292455B82351BFA0007CE073 /* zh-Hans */,
				29A9A8C42351CAF200489648 /* ko */,
				29A9A8C62351CAFA00489648 /* ja */,
				29A9A8CA2351CB2D00489648 /* en */,
			);
			name = LaunchScreen.xib;
			sourceTree = "<group>";
		};
/* End PBXVariantGroup section */

/* Begin XCBuildConfiguration section */
		607FACED1AFB9204008FA782 /* Debug */ = {
			isa = XCBuildConfiguration;
			buildSettings = {
				ALWAYS_SEARCH_USER_PATHS = NO;
				CLANG_ANALYZER_LOCALIZABILITY_NONLOCALIZED = YES;
				CLANG_CXX_LANGUAGE_STANDARD = "gnu++0x";
				CLANG_CXX_LIBRARY = "libc++";
				CLANG_ENABLE_MODULES = YES;
				CLANG_ENABLE_OBJC_ARC = YES;
				CLANG_WARN_BLOCK_CAPTURE_AUTORELEASING = YES;
				CLANG_WARN_BOOL_CONVERSION = YES;
				CLANG_WARN_COMMA = YES;
				CLANG_WARN_CONSTANT_CONVERSION = YES;
				CLANG_WARN_DEPRECATED_OBJC_IMPLEMENTATIONS = YES;
				CLANG_WARN_DIRECT_OBJC_ISA_USAGE = YES_ERROR;
				CLANG_WARN_EMPTY_BODY = YES;
				CLANG_WARN_ENUM_CONVERSION = YES;
				CLANG_WARN_INFINITE_RECURSION = YES;
				CLANG_WARN_INT_CONVERSION = YES;
				CLANG_WARN_NON_LITERAL_NULL_CONVERSION = YES;
				CLANG_WARN_OBJC_IMPLICIT_RETAIN_SELF = YES;
				CLANG_WARN_OBJC_LITERAL_CONVERSION = YES;
				CLANG_WARN_OBJC_ROOT_CLASS = YES_ERROR;
				CLANG_WARN_RANGE_LOOP_ANALYSIS = YES;
				CLANG_WARN_STRICT_PROTOTYPES = YES;
				CLANG_WARN_SUSPICIOUS_MOVE = YES;
				CLANG_WARN_UNREACHABLE_CODE = YES;
				CLANG_WARN__DUPLICATE_METHOD_MATCH = YES;
				"CODE_SIGN_IDENTITY[sdk=iphoneos*]" = "iPhone Developer";
				COPY_PHASE_STRIP = NO;
				DEBUG_INFORMATION_FORMAT = "dwarf-with-dsym";
				ENABLE_STRICT_OBJC_MSGSEND = YES;
				ENABLE_TESTABILITY = YES;
				GCC_C_LANGUAGE_STANDARD = gnu99;
				GCC_DYNAMIC_NO_PIC = NO;
				GCC_NO_COMMON_BLOCKS = YES;
				GCC_OPTIMIZATION_LEVEL = 0;
				GCC_PREPROCESSOR_DEFINITIONS = (
					"DEBUG=1",
					"$(inherited)",
				);
				GCC_SYMBOLS_PRIVATE_EXTERN = NO;
				GCC_WARN_64_TO_32_BIT_CONVERSION = YES;
				GCC_WARN_ABOUT_RETURN_TYPE = YES_ERROR;
				GCC_WARN_UNDECLARED_SELECTOR = YES;
				GCC_WARN_UNINITIALIZED_AUTOS = YES_AGGRESSIVE;
				GCC_WARN_UNUSED_FUNCTION = YES;
				GCC_WARN_UNUSED_VARIABLE = YES;
				IPHONEOS_DEPLOYMENT_TARGET = 9.0;
				MTL_ENABLE_DEBUG_INFO = YES;
				ONLY_ACTIVE_ARCH = YES;
				SDKROOT = iphoneos;
				SWIFT_OPTIMIZATION_LEVEL = "-Onone";
			};
			name = Debug;
		};
		607FACEE1AFB9204008FA782 /* Release */ = {
			isa = XCBuildConfiguration;
			buildSettings = {
				ALWAYS_SEARCH_USER_PATHS = NO;
				CLANG_ANALYZER_LOCALIZABILITY_NONLOCALIZED = YES;
				CLANG_CXX_LANGUAGE_STANDARD = "gnu++0x";
				CLANG_CXX_LIBRARY = "libc++";
				CLANG_ENABLE_MODULES = YES;
				CLANG_ENABLE_OBJC_ARC = YES;
				CLANG_WARN_BLOCK_CAPTURE_AUTORELEASING = YES;
				CLANG_WARN_BOOL_CONVERSION = YES;
				CLANG_WARN_COMMA = YES;
				CLANG_WARN_CONSTANT_CONVERSION = YES;
				CLANG_WARN_DEPRECATED_OBJC_IMPLEMENTATIONS = YES;
				CLANG_WARN_DIRECT_OBJC_ISA_USAGE = YES_ERROR;
				CLANG_WARN_EMPTY_BODY = YES;
				CLANG_WARN_ENUM_CONVERSION = YES;
				CLANG_WARN_INFINITE_RECURSION = YES;
				CLANG_WARN_INT_CONVERSION = YES;
				CLANG_WARN_NON_LITERAL_NULL_CONVERSION = YES;
				CLANG_WARN_OBJC_IMPLICIT_RETAIN_SELF = YES;
				CLANG_WARN_OBJC_LITERAL_CONVERSION = YES;
				CLANG_WARN_OBJC_ROOT_CLASS = YES_ERROR;
				CLANG_WARN_RANGE_LOOP_ANALYSIS = YES;
				CLANG_WARN_STRICT_PROTOTYPES = YES;
				CLANG_WARN_SUSPICIOUS_MOVE = YES;
				CLANG_WARN_UNREACHABLE_CODE = YES;
				CLANG_WARN__DUPLICATE_METHOD_MATCH = YES;
				"CODE_SIGN_IDENTITY[sdk=iphoneos*]" = "iPhone Developer";
				COPY_PHASE_STRIP = NO;
				DEBUG_INFORMATION_FORMAT = "dwarf-with-dsym";
				ENABLE_NS_ASSERTIONS = NO;
				ENABLE_STRICT_OBJC_MSGSEND = YES;
				GCC_C_LANGUAGE_STANDARD = gnu99;
				GCC_NO_COMMON_BLOCKS = YES;
				GCC_WARN_64_TO_32_BIT_CONVERSION = YES;
				GCC_WARN_ABOUT_RETURN_TYPE = YES_ERROR;
				GCC_WARN_UNDECLARED_SELECTOR = YES;
				GCC_WARN_UNINITIALIZED_AUTOS = YES_AGGRESSIVE;
				GCC_WARN_UNUSED_FUNCTION = YES;
				GCC_WARN_UNUSED_VARIABLE = YES;
				IPHONEOS_DEPLOYMENT_TARGET = 9.0;
				MTL_ENABLE_DEBUG_INFO = NO;
				SDKROOT = iphoneos;
				SWIFT_OPTIMIZATION_LEVEL = "-Owholemodule";
				VALIDATE_PRODUCT = YES;
			};
			name = Release;
		};
		607FACF01AFB9204008FA782 /* Debug */ = {
			isa = XCBuildConfiguration;
			baseConfigurationReference = C61EB5F1B94044D0D48F7F83 /* Pods-JXFoundation_Example.debug.xcconfig */;
			buildSettings = {
				ASSETCATALOG_COMPILER_APPICON_NAME = AppIcon;
				ASSETCATALOG_COMPILER_LAUNCHIMAGE_NAME = "";
				CLANG_ENABLE_MODULES = YES;
				CODE_SIGN_ENTITLEMENTS = "";
				CODE_SIGN_STYLE = Manual;
				DEVELOPMENT_TEAM = 2BW22L7PP7;
				INFOPLIST_FILE = JXFoundation/Info.plist;
				IPHONEOS_DEPLOYMENT_TARGET = 9.0;
				LD_RUNPATH_SEARCH_PATHS = "$(inherited) @executable_path/Frameworks";
				MODULE_NAME = ExampleApp;
				PRODUCT_BUNDLE_IDENTIFIER = "com.rt.org.cocoapods.demo.JXFoundation-Example";
				PRODUCT_NAME = "$(TARGET_NAME)";
				PROVISIONING_PROFILE_SPECIFIER = AdDev;
				SWIFT_OBJC_BRIDGING_HEADER = "";
				SWIFT_OBJC_INTERFACE_HEADER_NAME = "";
				SWIFT_OPTIMIZATION_LEVEL = "-Onone";
				SWIFT_VERSION = 5.0;
				TARGETED_DEVICE_FAMILY = "1,2";
			};
			name = Debug;
		};
		607FACF11AFB9204008FA782 /* Release */ = {
			isa = XCBuildConfiguration;
			baseConfigurationReference = 59B74FFF5F4FDAF17FB293C5 /* Pods-JXFoundation_Example.release.xcconfig */;
			buildSettings = {
				ASSETCATALOG_COMPILER_APPICON_NAME = AppIcon;
				ASSETCATALOG_COMPILER_LAUNCHIMAGE_NAME = "";
				CLANG_ENABLE_MODULES = YES;
				CODE_SIGN_ENTITLEMENTS = "";
				CODE_SIGN_STYLE = Manual;
				DEVELOPMENT_TEAM = 2BW22L7PP7;
				INFOPLIST_FILE = JXFoundation/Info.plist;
				IPHONEOS_DEPLOYMENT_TARGET = 9.0;
				LD_RUNPATH_SEARCH_PATHS = "$(inherited) @executable_path/Frameworks";
				MODULE_NAME = ExampleApp;
				PRODUCT_BUNDLE_IDENTIFIER = "com.rt.org.cocoapods.demo.JXFoundation-Example";
				PRODUCT_NAME = "$(TARGET_NAME)";
				PROVISIONING_PROFILE_SPECIFIER = AdDev;
				SWIFT_OBJC_BRIDGING_HEADER = "";
				SWIFT_OBJC_INTERFACE_HEADER_NAME = "";
				SWIFT_VERSION = 5.0;
				TARGETED_DEVICE_FAMILY = "1,2";
			};
			name = Release;
		};
		607FACF31AFB9204008FA782 /* Debug */ = {
			isa = XCBuildConfiguration;
			baseConfigurationReference = 5BE60DEF63C7E707B5D4E0DA /* Pods-JXFoundation_Tests.debug.xcconfig */;
			buildSettings = {
				CODE_SIGN_IDENTITY = "Apple Development";
				"CODE_SIGN_IDENTITY[sdk=macosx*]" = "Apple Development";
				CODE_SIGN_STYLE = Manual;
				DEVELOPMENT_TEAM = KKYJM4DU53;
				FRAMEWORK_SEARCH_PATHS = (
					"$(inherited)",
					"$(SDKROOT)/Developer/Library/Frameworks/**",
				);
				GCC_PREPROCESSOR_DEFINITIONS = (
					"DEBUG=1",
					"$(inherited)",
				);
				INFOPLIST_FILE = Tests/Info.plist;
				LD_RUNPATH_SEARCH_PATHS = "$(inherited) @executable_path/Frameworks @loader_path/Frameworks";
				PRODUCT_BUNDLE_IDENTIFIER = "org.cocoapods.$(PRODUCT_NAME:rfc1034identifier)";
				PRODUCT_NAME = "$(TARGET_NAME)";
				PROVISIONING_PROFILE_SPECIFIER = "";
				"PROVISIONING_PROFILE_SPECIFIER[sdk=macosx*]" = "";
				SWIFT_VERSION = 5.0;
			};
			name = Debug;
		};
		607FACF41AFB9204008FA782 /* Release */ = {
			isa = XCBuildConfiguration;
			baseConfigurationReference = A229F08ED1DE9C6192AFD97E /* Pods-JXFoundation_Tests.release.xcconfig */;
			buildSettings = {
				CODE_SIGN_STYLE = Manual;
				DEVELOPMENT_TEAM = KKYJM4DU53;
				FRAMEWORK_SEARCH_PATHS = (
					"$(inherited)",
					"@executable_path/Frameworks",
				);
				INFOPLIST_FILE = Tests/Info.plist;
				LD_RUNPATH_SEARCH_PATHS = "$(inherited) @executable_path/Frameworks @loader_path/Frameworks";
				PRODUCT_BUNDLE_IDENTIFIER = "org.cocoapods.$(PRODUCT_NAME:rfc1034identifier)";
				PRODUCT_NAME = "$(TARGET_NAME)";
				PROVISIONING_PROFILE_SPECIFIER = "";
				"PROVISIONING_PROFILE_SPECIFIER[sdk=macosx*]" = "";
				SWIFT_VERSION = 5.0;
			};
			name = Release;
		};
/* End XCBuildConfiguration section */

/* Begin XCConfigurationList section */
		607FACCB1AFB9204008FA782 /* Build configuration list for PBXProject "JXFoundation" */ = {
			isa = XCConfigurationList;
			buildConfigurations = (
				607FACED1AFB9204008FA782 /* Debug */,
				607FACEE1AFB9204008FA782 /* Release */,
			);
			defaultConfigurationIsVisible = 0;
			defaultConfigurationName = Release;
		};
		607FACEF1AFB9204008FA782 /* Build configuration list for PBXNativeTarget "JXFoundation_Example" */ = {
			isa = XCConfigurationList;
			buildConfigurations = (
				607FACF01AFB9204008FA782 /* Debug */,
				607FACF11AFB9204008FA782 /* Release */,
			);
			defaultConfigurationIsVisible = 0;
			defaultConfigurationName = Release;
		};
		607FACF21AFB9204008FA782 /* Build configuration list for PBXNativeTarget "JXFoundation_Tests" */ = {
			isa = XCConfigurationList;
			buildConfigurations = (
				607FACF31AFB9204008FA782 /* Debug */,
				607FACF41AFB9204008FA782 /* Release */,
			);
			defaultConfigurationIsVisible = 0;
			defaultConfigurationName = Release;
		};
/* End XCConfigurationList section */
	};
	rootObject = 607FACC81AFB9204008FA782 /* Project object */;
}
